Microsoft Visual Studio Solution File, Format Version 11.00
# Visual Studio 2008

Project("{14A4F9E4-1FD8-E9E1-5044-9B6E0139E7D2}") = "balls01", "Assembly-CSharp.csproj", "{D863E3B7-4F4A-6A79-E491-471ABD67BF88}"
EndProject
Global
	GlobalSection(SolutionConfigurationPlatforms) = preSolution
		Debug|Any CPU = Debug|Any CPU
		Release|Any CPU = Release|Any CPU
	EndGlobalSection
	GlobalSection(ProjectConfigurationPlatforms) = postSolution
		{D863E3B7-4F4A-6A79-E491-471ABD67BF88}.Debug|Any CPU.ActiveCfg = Debug|Any CPU
		{D863E3B7-4F4A-6A79-E491-471ABD67BF88}.Debug|Any CPU.Build.0 = Debug|Any CPU
		{D863E3B7-4F4A-6A79-E491-471ABD67BF88}.Release|Any CPU.ActiveCfg = Release|Any CPU
		{D863E3B7-4F4A-6A79-E491-471ABD67BF88}.Release|Any CPU.Build.0 = Release|Any CPU
	EndGlobalSection
	GlobalSection(SolutionProperties) = preSolution
		HideSolutionNode = FALSE
	EndGlobalSection
	GlobalSection(MonoDevelopProperties) = preSolution
		StartupItem = Assembly-CSharp.csproj
	EndGlobalSection
EndGlobal
